// !$*UTF8*$!
{
	archiveVersion = 1;
	classes = {
	};
	objectVersion = 50;
	objects = {

/* Begin PBXBuildFile section */
		AC5BA02D26037FF000D6ED8C /* ExploreViewController.swift in Sources */ = {isa = PBXBuildFile; fileRef = AC5BA02C26037FF000D6ED8C /* ExploreViewController.swift */; };
		AC5BA0332603801600D6ED8C /* CameraViewController.swift in Sources */ = {isa = PBXBuildFile; fileRef = AC5BA0322603801600D6ED8C /* CameraViewController.swift */; };
		AC5BA03B2603802600D6ED8C /* NotificationViewController.swift in Sources */ = {isa = PBXBuildFile; fileRef = AC5BA03A2603802600D6ED8C /* NotificationViewController.swift */; };
		AC5BA0402603803800D6ED8C /* ProfileViewController.swift in Sources */ = {isa = PBXBuildFile; fileRef = AC5BA03F2603803800D6ED8C /* ProfileViewController.swift */; };
		AC5BA04B260380E200D6ED8C /* LoginViewController.swift in Sources */ = {isa = PBXBuildFile; fileRef = AC5BA04A260380E200D6ED8C /* LoginViewController.swift */; };
		AC5BA053260380F200D6ED8C /* RegistrationViewController.swift in Sources */ = {isa = PBXBuildFile; fileRef = AC5BA052260380F200D6ED8C /* RegistrationViewController.swift */; };
		AC5BA0582603812700D6ED8C /* PostViewController.swift in Sources */ = {isa = PBXBuildFile; fileRef = AC5BA0572603812700D6ED8C /* PostViewController.swift */; };
		AC5BA05D2603813F00D6ED8C /* EditProfileViewController.swift in Sources */ = {isa = PBXBuildFile; fileRef = AC5BA05C2603813F00D6ED8C /* EditProfileViewController.swift */; };
		AC5BA0622603816700D6ED8C /* SettingsViewController.swift in Sources */ = {isa = PBXBuildFile; fileRef = AC5BA0612603816700D6ED8C /* SettingsViewController.swift */; };
		AC5BA06A2603818700D6ED8C /* ListViewController.swift in Sources */ = {isa = PBXBuildFile; fileRef = AC5BA0692603818700D6ED8C /* ListViewController.swift */; };
		AC5BA072260381A200D6ED8C /* SearchViewController.swift in Sources */ = {isa = PBXBuildFile; fileRef = AC5BA071260381A200D6ED8C /* SearchViewController.swift */; };
		AC5BA077260381BF00D6ED8C /* SearchResultViewController.swift in Sources */ = {isa = PBXBuildFile; fileRef = AC5BA076260381BF00D6ED8C /* SearchResultViewController.swift */; };
		AC5BA07C260381F300D6ED8C /* PostEditorViewController.swift in Sources */ = {isa = PBXBuildFile; fileRef = AC5BA07B260381F300D6ED8C /* PostEditorViewController.swift */; };
		AC5BA0812603822000D6ED8C /* PublishPostViewController.swift in Sources */ = {isa = PBXBuildFile; fileRef = AC5BA0802603822000D6ED8C /* PublishPostViewController.swift */; };
		ACD1041C26037E5800F0FD57 /* AppDelegate.swift in Sources */ = {isa = PBXBuildFile; fileRef = ACD1041B26037E5800F0FD57 /* AppDelegate.swift */; };
		ACD1041E26037E5800F0FD57 /* SceneDelegate.swift in Sources */ = {isa = PBXBuildFile; fileRef = ACD1041D26037E5800F0FD57 /* SceneDelegate.swift */; };
		ACD1042026037E5800F0FD57 /* HomeViewController.swift in Sources */ = {isa = PBXBuildFile; fileRef = ACD1041F26037E5800F0FD57 /* HomeViewController.swift */; };
		ACD1042326037E5800F0FD57 /* Main.storyboard in Resources */ = {isa = PBXBuildFile; fileRef = ACD1042126037E5800F0FD57 /* Main.storyboard */; };
		ACD1042526037E5800F0FD57 /* Assets.xcassets in Resources */ = {isa = PBXBuildFile; fileRef = ACD1042426037E5800F0FD57 /* Assets.xcassets */; };
		ACD1042826037E5800F0FD57 /* LaunchScreen.storyboard in Resources */ = {isa = PBXBuildFile; fileRef = ACD1042626037E5800F0FD57 /* LaunchScreen.storyboard */; };
		ACD1043326037E5800F0FD57 /* InstagramTests.swift in Sources */ = {isa = PBXBuildFile; fileRef = ACD1043226037E5800F0FD57 /* InstagramTests.swift */; };
		ACD1043E26037E5800F0FD57 /* InstagramUITests.swift in Sources */ = {isa = PBXBuildFile; fileRef = ACD1043D26037E5800F0FD57 /* InstagramUITests.swift */; };
/* End PBXBuildFile section */

/* Begin PBXContainerItemProxy section */
		ACD1042F26037E5800F0FD57 /* PBXContainerItemProxy */ = {
			isa = PBXContainerItemProxy;
			containerPortal = ACD1041026037E5700F0FD57 /* Project object */;
			proxyType = 1;
			remoteGlobalIDString = ACD1041726037E5800F0FD57;
			remoteInfo = Instagram;
		};
		ACD1043A26037E5800F0FD57 /* PBXContainerItemProxy */ = {
			isa = PBXContainerItemProxy;
			containerPortal = ACD1041026037E5700F0FD57 /* Project object */;
			proxyType = 1;
			remoteGlobalIDString = ACD1041726037E5800F0FD57;
			remoteInfo = Instagram;
		};
/* End PBXContainerItemProxy section */

/* Begin PBXFileReference section */
		AC5BA02C26037FF000D6ED8C /* ExploreViewController.swift */ = {isa = PBXFileReference; lastKnownFileType = sourcecode.swift; path = ExploreViewController.swift; sourceTree = "<group>"; };
		AC5BA0322603801600D6ED8C /* CameraViewController.swift */ = {isa = PBXFileReference; lastKnownFileType = sourcecode.swift; path = CameraViewController.swift; sourceTree = "<group>"; };
		AC5BA03A2603802600D6ED8C /* NotificationViewController.swift */ = {isa = PBXFileReference; lastKnownFileType = sourcecode.swift; path = NotificationViewController.swift; sourceTree = "<group>"; };
		AC5BA03F2603803800D6ED8C /* ProfileViewController.swift */ = {isa = PBXFileReference; lastKnownFileType = sourcecode.swift; path = ProfileViewController.swift; sourceTree = "<group>"; };
		AC5BA04A260380E200D6ED8C /* LoginViewController.swift */ = {isa = PBXFileReference; lastKnownFileType = sourcecode.swift; path = LoginViewController.swift; sourceTree = "<group>"; };
		AC5BA052260380F200D6ED8C /* RegistrationViewController.swift */ = {isa = PBXFileReference; lastKnownFileType = sourcecode.swift; path = RegistrationViewController.swift; sourceTree = "<group>"; };
		AC5BA0572603812700D6ED8C /* PostViewController.swift */ = {isa = PBXFileReference; lastKnownFileType = sourcecode.swift; path = PostViewController.swift; sourceTree = "<group>"; };
		AC5BA05C2603813F00D6ED8C /* EditProfileViewController.swift */ = {isa = PBXFileReference; lastKnownFileType = sourcecode.swift; path = EditProfileViewController.swift; sourceTree = "<group>"; };
		AC5BA0612603816700D6ED8C /* SettingsViewController.swift */ = {isa = PBXFileReference; lastKnownFileType = sourcecode.swift; path = SettingsViewController.swift; sourceTree = "<group>"; };
		AC5BA0692603818700D6ED8C /* ListViewController.swift */ = {isa = PBXFileReference; lastKnownFileType = sourcecode.swift; path = ListViewController.swift; sourceTree = "<group>"; };
		AC5BA071260381A200D6ED8C /* SearchViewController.swift */ = {isa = PBXFileReference; lastKnownFileType = sourcecode.swift; path = SearchViewController.swift; sourceTree = "<group>"; };
		AC5BA076260381BF00D6ED8C /* SearchResultViewController.swift */ = {isa = PBXFileReference; lastKnownFileType = sourcecode.swift; path = SearchResultViewController.swift; sourceTree = "<group>"; };
		AC5BA07B260381F300D6ED8C /* PostEditorViewController.swift */ = {isa = PBXFileReference; lastKnownFileType = sourcecode.swift; path = PostEditorViewController.swift; sourceTree = "<group>"; };
		AC5BA0802603822000D6ED8C /* PublishPostViewController.swift */ = {isa = PBXFileReference; lastKnownFileType = sourcecode.swift; path = PublishPostViewController.swift; sourceTree = "<group>"; };
		ACD1041826037E5800F0FD57 /* Instagram.app */ = {isa = PBXFileReference; explicitFileType = wrapper.application; includeInIndex = 0; path = Instagram.app; sourceTree = BUILT_PRODUCTS_DIR; };
		ACD1041B26037E5800F0FD57 /* AppDelegate.swift */ = {isa = PBXFileReference; lastKnownFileType = sourcecode.swift; path = AppDelegate.swift; sourceTree = "<group>"; };
		ACD1041D26037E5800F0FD57 /* SceneDelegate.swift */ = {isa = PBXFileReference; lastKnownFileType = sourcecode.swift; path = SceneDelegate.swift; sourceTree = "<group>"; };
		ACD1041F26037E5800F0FD57 /* HomeViewController.swift */ = {isa = PBXFileReference; lastKnownFileType = sourcecode.swift; path = HomeViewController.swift; sourceTree = "<group>"; };
		ACD1042226037E5800F0FD57 /* Base */ = {isa = PBXFileReference; lastKnownFileType = file.storyboard; name = Base; path = Base.lproj/Main.storyboard; sourceTree = "<group>"; };
		ACD1042426037E5800F0FD57 /* Assets.xcassets */ = {isa = PBXFileReference; lastKnownFileType = folder.assetcatalog; path = Assets.xcassets; sourceTree = "<group>"; };
		ACD1042726037E5800F0FD57 /* Base */ = {isa = PBXFileReference; lastKnownFileType = file.storyboard; name = Base; path = Base.lproj/LaunchScreen.storyboard; sourceTree = "<group>"; };
		ACD1042926037E5800F0FD57 /* Info.plist */ = {isa = PBXFileReference; lastKnownFileType = text.plist.xml; path = Info.plist; sourceTree = "<group>"; };
		ACD1042E26037E5800F0FD57 /* InstagramTests.xctest */ = {isa = PBXFileReference; explicitFileType = wrapper.cfbundle; includeInIndex = 0; path = InstagramTests.xctest; sourceTree = BUILT_PRODUCTS_DIR; };
		ACD1043226037E5800F0FD57 /* InstagramTests.swift */ = {isa = PBXFileReference; lastKnownFileType = sourcecode.swift; path = InstagramTests.swift; sourceTree = "<group>"; };
		ACD1043426037E5800F0FD57 /* Info.plist */ = {isa = PBXFileReference; lastKnownFileType = text.plist.xml; path = Info.plist; sourceTree = "<group>"; };
		ACD1043926037E5800F0FD57 /* InstagramUITests.xctest */ = {isa = PBXFileReference; explicitFileType = wrapper.cfbundle; includeInIndex = 0; path = InstagramUITests.xctest; sourceTree = BUILT_PRODUCTS_DIR; };
		ACD1043D26037E5800F0FD57 /* InstagramUITests.swift */ = {isa = PBXFileReference; lastKnownFileType = sourcecode.swift; path = InstagramUITests.swift; sourceTree = "<group>"; };
		ACD1043F26037E5800F0FD57 /* Info.plist */ = {isa = PBXFileReference; lastKnownFileType = text.plist.xml; path = Info.plist; sourceTree = "<group>"; };
/* End PBXFileReference section */

/* Begin PBXFrameworksBuildPhase section */
		ACD1041526037E5800F0FD57 /* Frameworks */ = {
			isa = PBXFrameworksBuildPhase;
			buildActionMask = 2147483647;
			files = (
			);
			runOnlyForDeploymentPostprocessing = 0;
		};
		ACD1042B26037E5800F0FD57 /* Frameworks */ = {
			isa = PBXFrameworksBuildPhase;
			buildActionMask = 2147483647;
			files = (
			);
			runOnlyForDeploymentPostprocessing = 0;
		};
		ACD1043626037E5800F0FD57 /* Frameworks */ = {
			isa = PBXFrameworksBuildPhase;
			buildActionMask = 2147483647;
			files = (
			);
			runOnlyForDeploymentPostprocessing = 0;
		};
/* End PBXFrameworksBuildPhase section */

/* Begin PBXGroup section */
		AC5BA02126037F1300D6ED8C /* Controllers */ = {
			isa = PBXGroup;
			children = (
				AC5BA048260380BA00D6ED8C /* Others */,
				AC5BA0442603809900D6ED8C /* Core Tabs */,
			);
			path = Controllers;
			sourceTree = "<group>";
		};
		AC5BA02226037F1C00D6ED8C /* Views */ = {
			isa = PBXGroup;
			children = (
				ACD1042426037E5800F0FD57 /* Assets.xcassets */,
				AC5BA02826037F6F00D6ED8C /* Storyboards */,
			);
			path = Views;
			sourceTree = "<group>";
		};
		AC5BA02326037F2200D6ED8C /* Models */ = {
			isa = PBXGroup;
			children = (
			);
			path = Models;
			sourceTree = "<group>";
		};
		AC5BA02426037F2800D6ED8C /* Resources */ = {
			isa = PBXGroup;
			children = (
				ACD1041B26037E5800F0FD57 /* AppDelegate.swift */,
				ACD1041D26037E5800F0FD57 /* SceneDelegate.swift */,
			);
			path = Resources;
			sourceTree = "<group>";
		};
		AC5BA02826037F6F00D6ED8C /* Storyboards */ = {
			isa = PBXGroup;
			children = (
				ACD1042126037E5800F0FD57 /* Main.storyboard */,
				ACD1042626037E5800F0FD57 /* LaunchScreen.storyboard */,
			);
			path = Storyboards;
			sourceTree = "<group>";
		};
		AC5BA0442603809900D6ED8C /* Core Tabs */ = {
			isa = PBXGroup;
			children = (
				ACD1041F26037E5800F0FD57 /* HomeViewController.swift */,
				AC5BA02C26037FF000D6ED8C /* ExploreViewController.swift */,
				AC5BA0322603801600D6ED8C /* CameraViewController.swift */,
				AC5BA03A2603802600D6ED8C /* NotificationViewController.swift */,
				AC5BA03F2603803800D6ED8C /* ProfileViewController.swift */,
			);
			path = "Core Tabs";
			sourceTree = "<group>";
		};
		AC5BA048260380BA00D6ED8C /* Others */ = {
			isa = PBXGroup;
			children = (
				AC5BA049260380C400D6ED8C /* Onboarding */,
				AC5BA0572603812700D6ED8C /* PostViewController.swift */,
				AC5BA05C2603813F00D6ED8C /* EditProfileViewController.swift */,
				AC5BA0612603816700D6ED8C /* SettingsViewController.swift */,
				AC5BA0692603818700D6ED8C /* ListViewController.swift */,
				AC5BA071260381A200D6ED8C /* SearchViewController.swift */,
				AC5BA076260381BF00D6ED8C /* SearchResultViewController.swift */,
				AC5BA07B260381F300D6ED8C /* PostEditorViewController.swift */,
				AC5BA0802603822000D6ED8C /* PublishPostViewController.swift */,
			);
			path = Others;
			sourceTree = "<group>";
		};
		AC5BA049260380C400D6ED8C /* Onboarding */ = {
			isa = PBXGroup;
			children = (
				AC5BA04A260380E200D6ED8C /* LoginViewController.swift */,
				AC5BA052260380F200D6ED8C /* RegistrationViewController.swift */,
			);
			path = Onboarding;
			sourceTree = "<group>";
		};
		ACD1040F26037E5700F0FD57 = {
			isa = PBXGroup;
			children = (
				ACD1041A26037E5800F0FD57 /* Instagram */,
				ACD1043126037E5800F0FD57 /* InstagramTests */,
				ACD1043C26037E5800F0FD57 /* InstagramUITests */,
				ACD1041926037E5800F0FD57 /* Products */,
			);
			sourceTree = "<group>";
		};
		ACD1041926037E5800F0FD57 /* Products */ = {
			isa = PBXGroup;
			children = (
				ACD1041826037E5800F0FD57 /* Instagram.app */,
				ACD1042E26037E5800F0FD57 /* InstagramTests.xctest */,
				ACD1043926037E5800F0FD57 /* InstagramUITests.xctest */,
			);
			name = Products;
			sourceTree = "<group>";
		};
		ACD1041A26037E5800F0FD57 /* Instagram */ = {
			isa = PBXGroup;
			children = (
				AC5BA02426037F2800D6ED8C /* Resources */,
				AC5BA02326037F2200D6ED8C /* Models */,
				AC5BA02226037F1C00D6ED8C /* Views */,
				AC5BA02126037F1300D6ED8C /* Controllers */,
				ACD1042926037E5800F0FD57 /* Info.plist */,
			);
			path = Instagram;
			sourceTree = "<group>";
		};
		ACD1043126037E5800F0FD57 /* InstagramTests */ = {
			isa = PBXGroup;
			children = (
				ACD1043226037E5800F0FD57 /* InstagramTests.swift */,
				ACD1043426037E5800F0FD57 /* Info.plist */,
			);
			path = InstagramTests;
			sourceTree = "<group>";
		};
		ACD1043C26037E5800F0FD57 /* InstagramUITests */ = {
			isa = PBXGroup;
			children = (
				ACD1043D26037E5800F0FD57 /* InstagramUITests.swift */,
				ACD1043F26037E5800F0FD57 /* Info.plist */,
			);
			path = InstagramUITests;
			sourceTree = "<group>";
		};
/* End PBXGroup section */

/* Begin PBXNativeTarget section */
		ACD1041726037E5800F0FD57 /* Instagram */ = {
			isa = PBXNativeTarget;
			buildConfigurationList = ACD1044226037E5800F0FD57 /* Build configuration list for PBXNativeTarget "Instagram" */;
			buildPhases = (
				ACD1041426037E5800F0FD57 /* Sources */,
				ACD1041526037E5800F0FD57 /* Frameworks */,
				ACD1041626037E5800F0FD57 /* Resources */,
			);
			buildRules = (
			);
			dependencies = (
			);
			name = Instagram;
			productName = Instagram;
			productReference = ACD1041826037E5800F0FD57 /* Instagram.app */;
			productType = "com.apple.product-type.application";
		};
		ACD1042D26037E5800F0FD57 /* InstagramTests */ = {
			isa = PBXNativeTarget;
			buildConfigurationList = ACD1044526037E5800F0FD57 /* Build configuration list for PBXNativeTarget "InstagramTests" */;
			buildPhases = (
				ACD1042A26037E5800F0FD57 /* Sources */,
				ACD1042B26037E5800F0FD57 /* Frameworks */,
				ACD1042C26037E5800F0FD57 /* Resources */,
			);
			buildRules = (
			);
			dependencies = (
				ACD1043026037E5800F0FD57 /* PBXTargetDependency */,
			);
			name = InstagramTests;
			productName = InstagramTests;
			productReference = ACD1042E26037E5800F0FD57 /* InstagramTests.xctest */;
			productType = "com.apple.product-type.bundle.unit-test";
		};
		ACD1043826037E5800F0FD57 /* InstagramUITests */ = {
			isa = PBXNativeTarget;
			buildConfigurationList = ACD1044826037E5800F0FD57 /* Build configuration list for PBXNativeTarget "InstagramUITests" */;
			buildPhases = (
				ACD1043526037E5800F0FD57 /* Sources */,
				ACD1043626037E5800F0FD57 /* Frameworks */,
				ACD1043726037E5800F0FD57 /* Resources */,
			);
			buildRules = (
			);
			dependencies = (
				ACD1043B26037E5800F0FD57 /* PBXTargetDependency */,
			);
			name = InstagramUITests;
			productName = InstagramUITests;
			productReference = ACD1043926037E5800F0FD57 /* InstagramUITests.xctest */;
			productType = "com.apple.product-type.bundle.ui-testing";
		};
/* End PBXNativeTarget section */

/* Begin PBXProject section */
		ACD1041026037E5700F0FD57 /* Project object */ = {
			isa = PBXProject;
			attributes = {
				LastSwiftUpdateCheck = 1240;
				LastUpgradeCheck = 1240;
				TargetAttributes = {
					ACD1041726037E5800F0FD57 = {
						CreatedOnToolsVersion = 12.4;
					};
					ACD1042D26037E5800F0FD57 = {
						CreatedOnToolsVersion = 12.4;
						TestTargetID = ACD1041726037E5800F0FD57;
					};
					ACD1043826037E5800F0FD57 = {
						CreatedOnToolsVersion = 12.4;
						TestTargetID = ACD1041726037E5800F0FD57;
					};
				};
			};
			buildConfigurationList = ACD1041326037E5700F0FD57 /* Build configuration list for PBXProject "Instagram" */;
			compatibilityVersion = "Xcode 9.3";
			developmentRegion = en;
			hasScannedForEncodings = 0;
			knownRegions = (
				en,
				Base,
			);
			mainGroup = ACD1040F26037E5700F0FD57;
			productRefGroup = ACD1041926037E5800F0FD57 /* Products */;
			projectDirPath = "";
			projectRoot = "";
			targets = (
				ACD1041726037E5800F0FD57 /* Instagram */,
				ACD1042D26037E5800F0FD57 /* InstagramTests */,
				ACD1043826037E5800F0FD57 /* InstagramUITests */,
			);
		};
/* End PBXProject section */

/* Begin PBXResourcesBuildPhase section */
		ACD1041626037E5800F0FD57 /* Resources */ = {
			isa = PBXResourcesBuildPhase;
			buildActionMask = 2147483647;
			files = (
				ACD1042826037E5800F0FD57 /* LaunchScreen.storyboard in Resources */,
				ACD1042526037E5800F0FD57 /* Assets.xcassets in Resources */,
				ACD1042326037E5800F0FD57 /* Main.storyboard in Resources */,
			);
			runOnlyForDeploymentPostprocessing = 0;
		};
		ACD1042C26037E5800F0FD57 /* Resources */ = {
			isa = PBXResourcesBuildPhase;
			buildActionMask = 2147483647;
			files = (
			);
			runOnlyForDeploymentPostprocessing = 0;
		};
		ACD1043726037E5800F0FD57 /* Resources */ = {
			isa = PBXResourcesBuildPhase;
			buildActionMask = 2147483647;
			files = (
			);
			runOnlyForDeploymentPostprocessing = 0;
		};
/* End PBXResourcesBuildPhase section */

/* Begin PBXSourcesBuildPhase section */
		ACD1041426037E5800F0FD57 /* Sources */ = {
			isa = PBXSourcesBuildPhase;
			buildActionMask = 2147483647;
			files = (
				AC5BA05D2603813F00D6ED8C /* EditProfileViewController.swift in Sources */,
				AC5BA02D26037FF000D6ED8C /* ExploreViewController.swift in Sources */,
				AC5BA0812603822000D6ED8C /* PublishPostViewController.swift in Sources */,
				AC5BA0332603801600D6ED8C /* CameraViewController.swift in Sources */,
				AC5BA03B2603802600D6ED8C /* NotificationViewController.swift in Sources */,
				AC5BA053260380F200D6ED8C /* RegistrationViewController.swift in Sources */,
				AC5BA07C260381F300D6ED8C /* PostEditorViewController.swift in Sources */,
				AC5BA0582603812700D6ED8C /* PostViewController.swift in Sources */,
				ACD1042026037E5800F0FD57 /* HomeViewController.swift in Sources */,
				AC5BA077260381BF00D6ED8C /* SearchResultViewController.swift in Sources */,
				AC5BA04B260380E200D6ED8C /* LoginViewController.swift in Sources */,
				AC5BA072260381A200D6ED8C /* SearchViewController.swift in Sources */,
				AC5BA0402603803800D6ED8C /* ProfileViewController.swift in Sources */,
				ACD1041C26037E5800F0FD57 /* AppDelegate.swift in Sources */,
				ACD1041E26037E5800F0FD57 /* SceneDelegate.swift in Sources */,
				AC5BA06A2603818700D6ED8C /* ListViewController.swift in Sources */,
				AC5BA0622603816700D6ED8C /* SettingsViewController.swift in Sources */,
			);
			runOnlyForDeploymentPostprocessing = 0;
		};
		ACD1042A26037E5800F0FD57 /* Sources */ = {
			isa = PBXSourcesBuildPhase;
			buildActionMask = 2147483647;
			files = (
				ACD1043326037E5800F0FD57 /* InstagramTests.swift in Sources */,
			);
			runOnlyForDeploymentPostprocessing = 0;
		};
		ACD1043526037E5800F0FD57 /* Sources */ = {
			isa = PBXSourcesBuildPhase;
			buildActionMask = 2147483647;
			files = (
				ACD1043E26037E5800F0FD57 /* InstagramUITests.swift in Sources */,
			);
			runOnlyForDeploymentPostprocessing = 0;
		};
/* End PBXSourcesBuildPhase section */

/* Begin PBXTargetDependency section */
		ACD1043026037E5800F0FD57 /* PBXTargetDependency */ = {
			isa = PBXTargetDependency;
			target = ACD1041726037E5800F0FD57 /* Instagram */;
			targetProxy = ACD1042F26037E5800F0FD57 /* PBXContainerItemProxy */;
		};
		ACD1043B26037E5800F0FD57 /* PBXTargetDependency */ = {
			isa = PBXTargetDependency;
			target = ACD1041726037E5800F0FD57 /* Instagram */;
			targetProxy = ACD1043A26037E5800F0FD57 /* PBXContainerItemProxy */;
		};
/* End PBXTargetDependency section */

/* Begin PBXVariantGroup section */
		ACD1042126037E5800F0FD57 /* Main.storyboard */ = {
			isa = PBXVariantGroup;
			children = (
				ACD1042226037E5800F0FD57 /* Base */,
			);
			name = Main.storyboard;
			sourceTree = "<group>";
		};
		ACD1042626037E5800F0FD57 /* LaunchScreen.storyboard */ = {
			isa = PBXVariantGroup;
			children = (
				ACD1042726037E5800F0FD57 /* Base */,
			);
			name = LaunchScreen.storyboard;
			sourceTree = "<group>";
		};
/* End PBXVariantGroup section */

/* Begin XCBuildConfiguration section */
		ACD1044026037E5800F0FD57 /* Debug */ = {
			isa = XCBuildConfiguration;
			buildSettings = {
				ALWAYS_SEARCH_USER_PATHS = NO;
				CLANG_ANALYZER_NONNULL = YES;
				CLANG_ANALYZER_NUMBER_OBJECT_CONVERSION = YES_AGGRESSIVE;
				CLANG_CXX_LANGUAGE_STANDARD = "gnu++14";
				CLANG_CXX_LIBRARY = "libc++";
				CLANG_ENABLE_MODULES = YES;
				CLANG_ENABLE_OBJC_ARC = YES;
				CLANG_ENABLE_OBJC_WEAK = YES;
				CLANG_WARN_BLOCK_CAPTURE_AUTORELEASING = YES;
				CLANG_WARN_BOOL_CONVERSION = YES;
				CLANG_WARN_COMMA = YES;
				CLANG_WARN_CONSTANT_CONVERSION = YES;
				CLANG_WARN_DEPRECATED_OBJC_IMPLEMENTATIONS = YES;
				CLANG_WARN_DIRECT_OBJC_ISA_USAGE = YES_ERROR;
				CLANG_WARN_DOCUMENTATION_COMMENTS = YES;
				CLANG_WARN_EMPTY_BODY = YES;
				CLANG_WARN_ENUM_CONVERSION = YES;
				CLANG_WARN_INFINITE_RECURSION = YES;
				CLANG_WARN_INT_CONVERSION = YES;
				CLANG_WARN_NON_LITERAL_NULL_CONVERSION = YES;
				CLANG_WARN_OBJC_IMPLICIT_RETAIN_SELF = YES;
				CLANG_WARN_OBJC_LITERAL_CONVERSION = YES;
				CLANG_WARN_OBJC_ROOT_CLASS = YES_ERROR;
				CLANG_WARN_QUOTED_INCLUDE_IN_FRAMEWORK_HEADER = YES;
				CLANG_WARN_RANGE_LOOP_ANALYSIS = YES;
				CLANG_WARN_STRICT_PROTOTYPES = YES;
				CLANG_WARN_SUSPICIOUS_MOVE = YES;
				CLANG_WARN_UNGUARDED_AVAILABILITY = YES_AGGRESSIVE;
				CLANG_WARN_UNREACHABLE_CODE = YES;
				CLANG_WARN__DUPLICATE_METHOD_MATCH = YES;
				COPY_PHASE_STRIP = NO;
				DEBUG_INFORMATION_FORMAT = dwarf;
				ENABLE_STRICT_OBJC_MSGSEND = YES;
				ENABLE_TESTABILITY = YES;
				GCC_C_LANGUAGE_STANDARD = gnu11;
				GCC_DYNAMIC_NO_PIC = NO;
				GCC_NO_COMMON_BLOCKS = YES;
				GCC_OPTIMIZATION_LEVEL = 0;
				GCC_PREPROCESSOR_DEFINITIONS = (
					"DEBUG=1",
					"$(inherited)",
				);
				GCC_WARN_64_TO_32_BIT_CONVERSION = YES;
				GCC_WARN_ABOUT_RETURN_TYPE = YES_ERROR;
				GCC_WARN_UNDECLARED_SELECTOR = YES;
				GCC_WARN_UNINITIALIZED_AUTOS = YES_AGGRESSIVE;
				GCC_WARN_UNUSED_FUNCTION = YES;
				GCC_WARN_UNUSED_VARIABLE = YES;
				IPHONEOS_DEPLOYMENT_TARGET = 14.4;
				MTL_ENABLE_DEBUG_INFO = INCLUDE_SOURCE;
				MTL_FAST_MATH = YES;
				ONLY_ACTIVE_ARCH = YES;
				SDKROOT = iphoneos;
				SWIFT_ACTIVE_COMPILATION_CONDITIONS = DEBUG;
				SWIFT_OPTIMIZATION_LEVEL = "-Onone";
			};
			name = Debug;
		};
		ACD1044126037E5800F0FD57 /* Release */ = {
			isa = XCBuildConfiguration;
			buildSettings = {
				ALWAYS_SEARCH_USER_PATHS = NO;
				CLANG_ANALYZER_NONNULL = YES;
				CLANG_ANALYZER_NUMBER_OBJECT_CONVERSION = YES_AGGRESSIVE;
				CLANG_CXX_LANGUAGE_STANDARD = "gnu++14";
				CLANG_CXX_LIBRARY = "libc++";
				CLANG_ENABLE_MODULES = YES;
				CLANG_ENABLE_OBJC_ARC = YES;
				CLANG_ENABLE_OBJC_WEAK = YES;
				CLANG_WARN_BLOCK_CAPTURE_AUTORELEASING = YES;
				CLANG_WARN_BOOL_CONVERSION = YES;
				CLANG_WARN_COMMA = YES;
				CLANG_WARN_CONSTANT_CONVERSION = YES;
				CLANG_WARN_DEPRECATED_OBJC_IMPLEMENTATIONS = YES;
				CLANG_WARN_DIRECT_OBJC_ISA_USAGE = YES_ERROR;
				CLANG_WARN_DOCUMENTATION_COMMENTS = YES;
				CLANG_WARN_EMPTY_BODY = YES;
				CLANG_WARN_ENUM_CONVERSION = YES;
				CLANG_WARN_INFINITE_RECURSION = YES;
				CLANG_WARN_INT_CONVERSION = YES;
				CLANG_WARN_NON_LITERAL_NULL_CONVERSION = YES;
				CLANG_WARN_OBJC_IMPLICIT_RETAIN_SELF = YES;
				CLANG_WARN_OBJC_LITERAL_CONVERSION = YES;
				CLANG_WARN_OBJC_ROOT_CLASS = YES_ERROR;
				CLANG_WARN_QUOTED_INCLUDE_IN_FRAMEWORK_HEADER = YES;
				CLANG_WARN_RANGE_LOOP_ANALYSIS = YES;
				CLANG_WARN_STRICT_PROTOTYPES = YES;
				CLANG_WARN_SUSPICIOUS_MOVE = YES;
				CLANG_WARN_UNGUARDED_AVAILABILITY = YES_AGGRESSIVE;
				CLANG_WARN_UNREACHABLE_CODE = YES;
				CLANG_WARN__DUPLICATE_METHOD_MATCH = YES;
				COPY_PHASE_STRIP = NO;
				DEBUG_INFORMATION_FORMAT = "dwarf-with-dsym";
				ENABLE_NS_ASSERTIONS = NO;
				ENABLE_STRICT_OBJC_MSGSEND = YES;
				GCC_C_LANGUAGE_STANDARD = gnu11;
				GCC_NO_COMMON_BLOCKS = YES;
				GCC_WARN_64_TO_32_BIT_CONVERSION = YES;
				GCC_WARN_ABOUT_RETURN_TYPE = YES_ERROR;
				GCC_WARN_UNDECLARED_SELECTOR = YES;
				GCC_WARN_UNINITIALIZED_AUTOS = YES_AGGRESSIVE;
				GCC_WARN_UNUSED_FUNCTION = YES;
				GCC_WARN_UNUSED_VARIABLE = YES;
				IPHONEOS_DEPLOYMENT_TARGET = 14.4;
				MTL_ENABLE_DEBUG_INFO = NO;
				MTL_FAST_MATH = YES;
				SDKROOT = iphoneos;
				SWIFT_COMPILATION_MODE = wholemodule;
				SWIFT_OPTIMIZATION_LEVEL = "-O";
				VALIDATE_PRODUCT = YES;
			};
			name = Release;
		};
		ACD1044326037E5800F0FD57 /* Debug */ = {
			isa = XCBuildConfiguration;
			buildSettings = {
				ASSETCATALOG_COMPILER_APPICON_NAME = AppIcon;
				ASSETCATALOG_COMPILER_GLOBAL_ACCENT_COLOR_NAME = AccentColor;
				CODE_SIGN_STYLE = Automatic;
				DEVELOPMENT_TEAM = 6P6T78SAL9;
				INFOPLIST_FILE = Instagram/Info.plist;
				LD_RUNPATH_SEARCH_PATHS = (
					"$(inherited)",
					"@executable_path/Frameworks",
				);
				PRODUCT_BUNDLE_IDENTIFIER = com.takafumiwao.Instagram;
				PRODUCT_NAME = "$(TARGET_NAME)";
				SWIFT_VERSION = 5.0;
				TARGETED_DEVICE_FAMILY = "1,2";
			};
			name = Debug;
		};
		ACD1044426037E5800F0FD57 /* Release */ = {
			isa = XCBuildConfiguration;
			buildSettings = {
				ASSETCATALOG_COMPILER_APPICON_NAME = AppIcon;
				ASSETCATALOG_COMPILER_GLOBAL_ACCENT_COLOR_NAME = AccentColor;
				CODE_SIGN_STYLE = Automatic;
				DEVELOPMENT_TEAM = 6P6T78SAL9;
				INFOPLIST_FILE = Instagram/Info.plist;
				LD_RUNPATH_SEARCH_PATHS = (
					"$(inherited)",
					"@executable_path/Frameworks",
				);
				PRODUCT_BUNDLE_IDENTIFIER = com.takafumiwao.Instagram;
				PRODUCT_NAME = "$(TARGET_NAME)";
				SWIFT_VERSION = 5.0;
				TARGETED_DEVICE_FAMILY = "1,2";
			};
			name = Release;
		};
		ACD1044626037E5800F0FD57 /* Debug */ = {
			isa = XCBuildConfiguration;
			buildSettings = {
				ALWAYS_EMBED_SWIFT_STANDARD_LIBRARIES = YES;
				BUNDLE_LOADER = "$(TEST_HOST)";
				CODE_SIGN_STYLE = Automatic;
				DEVELOPMENT_TEAM = 6P6T78SAL9;
				INFOPLIST_FILE = InstagramTests/Info.plist;
				IPHONEOS_DEPLOYMENT_TARGET = 14.4;
				LD_RUNPATH_SEARCH_PATHS = (
					"$(inherited)",
					"@executable_path/Frameworks",
					"@loader_path/Frameworks",
				);
				PRODUCT_BUNDLE_IDENTIFIER = com.takafumiwao.InstagramTests;
				PRODUCT_NAME = "$(TARGET_NAME)";
				SWIFT_VERSION = 5.0;
				TARGETED_DEVICE_FAMILY = "1,2";
				TEST_HOST = "$(BUILT_PRODUCTS_DIR)/Instagram.app/Instagram";
			};
			name = Debug;
		};
		ACD1044726037E5800F0FD57 /* Release */ = {
			isa = XCBuildConfiguration;
			buildSettings = {
				ALWAYS_EMBED_SWIFT_STANDARD_LIBRARIES = YES;
				BUNDLE_LOADER = "$(TEST_HOST)";
				CODE_SIGN_STYLE = Automatic;
				DEVELOPMENT_TEAM = 6P6T78SAL9;
				INFOPLIST_FILE = InstagramTests/Info.plist;
				IPHONEOS_DEPLOYMENT_TARGET = 14.4;
				LD_RUNPATH_SEARCH_PATHS = (
					"$(inherited)",
					"@executable_path/Frameworks",
					"@loader_path/Frameworks",
				);
				PRODUCT_BUNDLE_IDENTIFIER = com.takafumiwao.InstagramTests;
				PRODUCT_NAME = "$(TARGET_NAME)";
				SWIFT_VERSION = 5.0;
				TARGETED_DEVICE_FAMILY = "1,2";
				TEST_HOST = "$(BUILT_PRODUCTS_DIR)/Instagram.app/Instagram";
			};
			name = Release;
		};
		ACD1044926037E5800F0FD57 /* Debug */ = {
			isa = XCBuildConfiguration;
			buildSettings = {
				ALWAYS_EMBED_SWIFT_STANDARD_LIBRARIES = YES;
				CODE_SIGN_STYLE = Automatic;
				DEVELOPMENT_TEAM = 6P6T78SAL9;
				INFOPLIST_FILE = InstagramUITests/Info.plist;
				LD_RUNPATH_SEARCH_PATHS = (
					"$(inherited)",
					"@executable_path/Frameworks",
					"@loader_path/Frameworks",
				);
				PRODUCT_BUNDLE_IDENTIFIER = com.takafumiwao.InstagramUITests;
				PRODUCT_NAME = "$(TARGET_NAME)";
				SWIFT_VERSION = 5.0;
				TARGETED_DEVICE_FAMILY = "1,2";
				TEST_TARGET_NAME = Instagram;
			};
			name = Debug;
		};
		ACD1044A26037E5800F0FD57 /* Release */ = {
			isa = XCBuildConfiguration;
			buildSettings = {
				ALWAYS_EMBED_SWIFT_STANDARD_LIBRARIES = YES;
				CODE_SIGN_STYLE = Automatic;
				DEVELOPMENT_TEAM = 6P6T78SAL9;
				INFOPLIST_FILE = InstagramUITests/Info.plist;
				LD_RUNPATH_SEARCH_PATHS = (
					"$(inherited)",
					"@executable_path/Frameworks",
					"@loader_path/Frameworks",
				);
				PRODUCT_BUNDLE_IDENTIFIER = com.takafumiwao.InstagramUITests;
				PRODUCT_NAME = "$(TARGET_NAME)";
				SWIFT_VERSION = 5.0;
				TARGETED_DEVICE_FAMILY = "1,2";
				TEST_TARGET_NAME = Instagram;
			};
			name = Release;
		};
/* End XCBuildConfiguration section */

/* Begin XCConfigurationList section */
		ACD1041326037E5700F0FD57 /* Build configuration list for PBXProject "Instagram" */ = {
			isa = XCConfigurationList;
			buildConfigurations = (
				ACD1044026037E5800F0FD57 /* Debug */,
				ACD1044126037E5800F0FD57 /* Release */,
			);
			defaultConfigurationIsVisible = 0;
			defaultConfigurationName = Release;
		};
		ACD1044226037E5800F0FD57 /* Build configuration list for PBXNativeTarget "Instagram" */ = {
			isa = XCConfigurationList;
			buildConfigurations = (
				ACD1044326037E5800F0FD57 /* Debug */,
				ACD1044426037E5800F0FD57 /* Release */,
			);
			defaultConfigurationIsVisible = 0;
			defaultConfigurationName = Release;
		};
		ACD1044526037E5800F0FD57 /* Build configuration list for PBXNativeTarget "InstagramTests" */ = {
			isa = XCConfigurationList;
			buildConfigurations = (
				ACD1044626037E5800F0FD57 /* Debug */,
				ACD1044726037E5800F0FD57 /* Release */,
			);
			defaultConfigurationIsVisible = 0;
			defaultConfigurationName = Release;
		};
		ACD1044826037E5800F0FD57 /* Build configuration list for PBXNativeTarget "InstagramUITests" */ = {
			isa = XCConfigurationList;
			buildConfigurations = (
				ACD1044926037E5800F0FD57 /* Debug */,
				ACD1044A26037E5800F0FD57 /* Release */,
			);
			defaultConfigurationIsVisible = 0;
			defaultConfigurationName = Release;
		};
/* End XCConfigurationList section */
	};
	rootObject = ACD1041026037E5700F0FD57 /* Project object */;
}
